
Microsoft Visual Studio Solution File, Format Version 12.00
# Visual Studio Version 17
VisualStudioVersion = 17.0.31903.59
MinimumVisualStudioVersion = 10.0.40219.1
Project("{2150E333-8FDC-42A3-9474-1A3956D46DE8}") = "Solution Items", "Solution Items", "{48E9DD65-00D6-4564-9EAF-9D0D1DF5BB10}"
	ProjectSection(SolutionItems) = preProject
		docker-compose.override.yml = docker-compose.override.yml
		docker-compose.yml = docker-compose.yml
		global.json = global.json
		readme.md = readme.md
	EndProjectSection
EndProject
Project("{2150E333-8FDC-42A3-9474-1A3956D46DE8}") = "src", "src", "{8D569DA2-FEE4-42FC-B3F1-712C9BC8EB32}"
	ProjectSection(SolutionItems) = preProject
		docker-compose.override.yml = docker-compose.override.yml
		docker-compose.yml = docker-compose.yml
	EndProjectSection
EndProject
Project("{2150E333-8FDC-42A3-9474-1A3956D46DE8}") = "tests", "tests", "{28AEBAC2-7DED-40B6-9B5E-9697ECD12D49}"
EndProject
Project("{2150E333-8FDC-42A3-9474-1A3956D46DE8}") = "ApiGateways", "ApiGateways", "{245BEC75-B5C7-47A1-81A2-561ED3D62B13}"
EndProject
Project("{2150E333-8FDC-42A3-9474-1A3956D46DE8}") = "BuildingBlocks", "BuildingBlocks", "{1864A0E4-FEFA-4415-A1D0-FB8B49B7D5EA}"
EndProject
Project("{2150E333-8FDC-42A3-9474-1A3956D46DE8}") = "Services", "Services", "{213CD052-D30E-4582-A801-C48E477C1ABC}"
EndProject
Project("{2150E333-8FDC-42A3-9474-1A3956D46DE8}") = "WebApps", "WebApps", "{8CFD9ADA-94E5-43C3-8705-ACDBEAF30D2C}"
EndProject
Project("{FAE04EC0-301F-11D3-BF4B-00C04F79EFBC}") = "Common.Logging", "src\BuildingBlocks\Common.Logging\Common.Logging.csproj", "{08DA1C8A-F550-4637-A106-8F1BD17DF248}"
EndProject
Project("{FAE04EC0-301F-11D3-BF4B-00C04F79EFBC}") = "EventBus.Messages", "src\BuildingBlocks\EventBus.Messages\EventBus.Messages.csproj", "{3CC4158A-707C-4566-BE51-449198365938}"
EndProject
Project("{2150E333-8FDC-42A3-9474-1A3956D46DE8}") = "Product", "Product", "{077A75C6-D6D3-4DB3-BAC9-EF4684416B84}"
EndProject
Project("{2150E333-8FDC-42A3-9474-1A3956D46DE8}") = "Customer", "Customer", "{CD1DC66E-AD31-4E57-982F-379C71829143}"
EndProject
Project("{2150E333-8FDC-42A3-9474-1A3956D46DE8}") = "Inventory", "Inventory", "{AF430624-5425-4FE9-ADC5-E8CC4D8BBC14}"
EndProject
Project("{2150E333-8FDC-42A3-9474-1A3956D46DE8}") = "Basket", "Basket", "{76F6270C-35A5-4FBE-A939-7C42F6970142}"
EndProject
Project("{2150E333-8FDC-42A3-9474-1A3956D46DE8}") = "Ordering", "Ordering", "{36AD8AEC-4CA8-439D-964E-605402575DF5}"
EndProject
Project("{2150E333-8FDC-42A3-9474-1A3956D46DE8}") = "ScheduledJob", "ScheduledJob", "{CDB955B0-9F8C-4189-9F91-2B06BB7D5901}"
EndProject
Project("{FAE04EC0-301F-11D3-BF4B-00C04F79EFBC}") = "WebHealthStatus", "src\WebApps\WebHealthStatus\WebHealthStatus.csproj", "{2A150D47-5910-4252-AC36-3FEB70DB5FD1}"
EndProject
Project("{FAE04EC0-301F-11D3-BF4B-00C04F79EFBC}") = "Basket.API", "src\Services\Basket.API\Basket.API.csproj", "{7215940C-037F-4269-A717-5F3FD1903A47}"
EndProject
Project("{FAE04EC0-301F-11D3-BF4B-00C04F79EFBC}") = "Customer.API", "src\Services\Customer.API\Customer.API.csproj", "{0A148FDA-B027-464F-A4F7-AB078414552A}"
EndProject
Project("{FAE04EC0-301F-11D3-BF4B-00C04F79EFBC}") = "Inventory.Product.API", "src\Services\Inventory.Product.API\Inventory.Product.API.csproj", "{857489AC-9066-4E11-B232-8EB0B374EEDB}"
EndProject
Project("{FAE04EC0-301F-11D3-BF4B-00C04F79EFBC}") = "Ordering.API", "src\Services\Ordering.API\Ordering.API.csproj", "{963FB91B-CBE9-4E71-9E4C-83BFE7E957DA}"
EndProject
Project("{FAE04EC0-301F-11D3-BF4B-00C04F79EFBC}") = "Product.API", "src\Services\Product.API\Product.API.csproj", "{1184AADB-80E3-4E50-9157-AE728E0E9F2E}"
EndProject
Project("{FAE04EC0-301F-11D3-BF4B-00C04F79EFBC}") = "Hangfire.API", "src\Services\Hangfire.API\Hangfire.API.csproj", "{F030FD95-CB35-4C67-8248-C382E08EB7D5}"
EndProject
Project("{FAE04EC0-301F-11D3-BF4B-00C04F79EFBC}") = "Contracts", "src\BuildingBlocks\Contracts\Contracts.csproj", "{640E3B7E-66E3-43AA-A938-76EA0729A248}"
EndProject
Project("{FAE04EC0-301F-11D3-BF4B-00C04F79EFBC}") = "Infrastructure", "src\BuildingBlocks\Infrastructure\Infrastructure.csproj", "{5DBD96F3-EA28-42C7-8686-527047D28614}"
EndProject
Project("{FAE04EC0-301F-11D3-BF4B-00C04F79EFBC}") = "Shared", "src\BuildingBlocks\Shared\Shared.csproj", "{9B3AAD08-2C81-43BD-B8F2-F9075D91BCD8}"
EndProject
Project("{FAE04EC0-301F-11D3-BF4B-00C04F79EFBC}") = "OcelotApiGw", "src\ApiGateways\OcelotApiGw\OcelotApiGw.csproj", "{037AB14D-A5B5-4350-815F-A115CC0ED7CA}"
EndProject
Global
	GlobalSection(SolutionConfigurationPlatforms) = preSolution
		Debug|Any CPU = Debug|Any CPU
		Release|Any CPU = Release|Any CPU
	EndGlobalSection
	GlobalSection(ProjectConfigurationPlatforms) = postSolution
		{08DA1C8A-F550-4637-A106-8F1BD17DF248}.Debug|Any CPU.ActiveCfg = Debug|Any CPU
		{08DA1C8A-F550-4637-A106-8F1BD17DF248}.Debug|Any CPU.Build.0 = Debug|Any CPU
		{08DA1C8A-F550-4637-A106-8F1BD17DF248}.Release|Any CPU.ActiveCfg = Release|Any CPU
		{08DA1C8A-F550-4637-A106-8F1BD17DF248}.Release|Any CPU.Build.0 = Release|Any CPU
		{3CC4158A-707C-4566-BE51-449198365938}.Debug|Any CPU.ActiveCfg = Debug|Any CPU
		{3CC4158A-707C-4566-BE51-449198365938}.Debug|Any CPU.Build.0 = Debug|Any CPU
		{3CC4158A-707C-4566-BE51-449198365938}.Release|Any CPU.ActiveCfg = Release|Any CPU
		{3CC4158A-707C-4566-BE51-449198365938}.Release|Any CPU.Build.0 = Release|Any CPU
		{2A150D47-5910-4252-AC36-3FEB70DB5FD1}.Debug|Any CPU.ActiveCfg = Debug|Any CPU
		{2A150D47-5910-4252-AC36-3FEB70DB5FD1}.Debug|Any CPU.Build.0 = Debug|Any CPU
		{2A150D47-5910-4252-AC36-3FEB70DB5FD1}.Release|Any CPU.ActiveCfg = Release|Any CPU
		{2A150D47-5910-4252-AC36-3FEB70DB5FD1}.Release|Any CPU.Build.0 = Release|Any CPU
		{7215940C-037F-4269-A717-5F3FD1903A47}.Debug|Any CPU.ActiveCfg = Debug|Any CPU
		{7215940C-037F-4269-A717-5F3FD1903A47}.Debug|Any CPU.Build.0 = Debug|Any CPU
		{7215940C-037F-4269-A717-5F3FD1903A47}.Release|Any CPU.ActiveCfg = Release|Any CPU
		{7215940C-037F-4269-A717-5F3FD1903A47}.Release|Any CPU.Build.0 = Release|Any CPU
		{0A148FDA-B027-464F-A4F7-AB078414552A}.Debug|Any CPU.ActiveCfg = Debug|Any CPU
		{0A148FDA-B027-464F-A4F7-AB078414552A}.Debug|Any CPU.Build.0 = Debug|Any CPU
		{0A148FDA-B027-464F-A4F7-AB078414552A}.Release|Any CPU.ActiveCfg = Release|Any CPU
		{0A148FDA-B027-464F-A4F7-AB078414552A}.Release|Any CPU.Build.0 = Release|Any CPU
		{857489AC-9066-4E11-B232-8EB0B374EEDB}.Debug|Any CPU.ActiveCfg = Debug|Any CPU
		{857489AC-9066-4E11-B232-8EB0B374EEDB}.Debug|Any CPU.Build.0 = Debug|Any CPU
		{857489AC-9066-4E11-B232-8EB0B374EEDB}.Release|Any CPU.ActiveCfg = Release|Any CPU
		{857489AC-9066-4E11-B232-8EB0B374EEDB}.Release|Any CPU.Build.0 = Release|Any CPU
		{963FB91B-CBE9-4E71-9E4C-83BFE7E957DA}.Debug|Any CPU.ActiveCfg = Debug|Any CPU
		{963FB91B-CBE9-4E71-9E4C-83BFE7E957DA}.Debug|Any CPU.Build.0 = Debug|Any CPU
		{963FB91B-CBE9-4E71-9E4C-83BFE7E957DA}.Release|Any CPU.ActiveCfg = Release|Any CPU
		{963FB91B-CBE9-4E71-9E4C-83BFE7E957DA}.Release|Any CPU.Build.0 = Release|Any CPU
		{1184AADB-80E3-4E50-9157-AE728E0E9F2E}.Debug|Any CPU.ActiveCfg = Debug|Any CPU
		{1184AADB-80E3-4E50-9157-AE728E0E9F2E}.Debug|Any CPU.Build.0 = Debug|Any CPU
		{1184AADB-80E3-4E50-9157-AE728E0E9F2E}.Release|Any CPU.ActiveCfg = Release|Any CPU
		{1184AADB-80E3-4E50-9157-AE728E0E9F2E}.Release|Any CPU.Build.0 = Release|Any CPU
		{F030FD95-CB35-4C67-8248-C382E08EB7D5}.Debug|Any CPU.ActiveCfg = Debug|Any CPU
		{F030FD95-CB35-4C67-8248-C382E08EB7D5}.Debug|Any CPU.Build.0 = Debug|Any CPU
		{F030FD95-CB35-4C67-8248-C382E08EB7D5}.Release|Any CPU.ActiveCfg = Release|Any CPU
		{F030FD95-CB35-4C67-8248-C382E08EB7D5}.Release|Any CPU.Build.0 = Release|Any CPU
		{640E3B7E-66E3-43AA-A938-76EA0729A248}.Debug|Any CPU.ActiveCfg = Debug|Any CPU
		{640E3B7E-66E3-43AA-A938-76EA0729A248}.Debug|Any CPU.Build.0 = Debug|Any CPU
		{640E3B7E-66E3-43AA-A938-76EA0729A248}.Release|Any CPU.ActiveCfg = Release|Any CPU
		{640E3B7E-66E3-43AA-A938-76EA0729A248}.Release|Any CPU.Build.0 = Release|Any CPU
		{5DBD96F3-EA28-42C7-8686-527047D28614}.Debug|Any CPU.ActiveCfg = Debug|Any CPU
		{5DBD96F3-EA28-42C7-8686-527047D28614}.Debug|Any CPU.Build.0 = Debug|Any CPU
		{5DBD96F3-EA28-42C7-8686-527047D28614}.Release|Any CPU.ActiveCfg = Release|Any CPU
		{5DBD96F3-EA28-42C7-8686-527047D28614}.Release|Any CPU.Build.0 = Release|Any CPU
		{9B3AAD08-2C81-43BD-B8F2-F9075D91BCD8}.Debug|Any CPU.ActiveCfg = Debug|Any CPU
		{9B3AAD08-2C81-43BD-B8F2-F9075D91BCD8}.Debug|Any CPU.Build.0 = Debug|Any CPU
		{9B3AAD08-2C81-43BD-B8F2-F9075D91BCD8}.Release|Any CPU.ActiveCfg = Release|Any CPU
		{9B3AAD08-2C81-43BD-B8F2-F9075D91BCD8}.Release|Any CPU.Build.0 = Release|Any CPU
		{037AB14D-A5B5-4350-815F-A115CC0ED7CA}.Debug|Any CPU.ActiveCfg = Debug|Any CPU
		{037AB14D-A5B5-4350-815F-A115CC0ED7CA}.Debug|Any CPU.Build.0 = Debug|Any CPU
		{037AB14D-A5B5-4350-815F-A115CC0ED7CA}.Release|Any CPU.ActiveCfg = Release|Any CPU
		{037AB14D-A5B5-4350-815F-A115CC0ED7CA}.Release|Any CPU.Build.0 = Release|Any CPU
	EndGlobalSection
	GlobalSection(SolutionProperties) = preSolution
		HideSolutionNode = FALSE
	EndGlobalSection
	GlobalSection(NestedProjects) = preSolution
		{245BEC75-B5C7-47A1-81A2-561ED3D62B13} = {8D569DA2-FEE4-42FC-B3F1-712C9BC8EB32}
		{1864A0E4-FEFA-4415-A1D0-FB8B49B7D5EA} = {8D569DA2-FEE4-42FC-B3F1-712C9BC8EB32}
		{213CD052-D30E-4582-A801-C48E477C1ABC} = {8D569DA2-FEE4-42FC-B3F1-712C9BC8EB32}
		{8CFD9ADA-94E5-43C3-8705-ACDBEAF30D2C} = {8D569DA2-FEE4-42FC-B3F1-712C9BC8EB32}
		{08DA1C8A-F550-4637-A106-8F1BD17DF248} = {1864A0E4-FEFA-4415-A1D0-FB8B49B7D5EA}
		{3CC4158A-707C-4566-BE51-449198365938} = {1864A0E4-FEFA-4415-A1D0-FB8B49B7D5EA}
		{077A75C6-D6D3-4DB3-BAC9-EF4684416B84} = {213CD052-D30E-4582-A801-C48E477C1ABC}
		{CD1DC66E-AD31-4E57-982F-379C71829143} = {213CD052-D30E-4582-A801-C48E477C1ABC}
		{AF430624-5425-4FE9-ADC5-E8CC4D8BBC14} = {213CD052-D30E-4582-A801-C48E477C1ABC}
		{76F6270C-35A5-4FBE-A939-7C42F6970142} = {213CD052-D30E-4582-A801-C48E477C1ABC}
		{36AD8AEC-4CA8-439D-964E-605402575DF5} = {213CD052-D30E-4582-A801-C48E477C1ABC}
		{CDB955B0-9F8C-4189-9F91-2B06BB7D5901} = {213CD052-D30E-4582-A801-C48E477C1ABC}
		{2A150D47-5910-4252-AC36-3FEB70DB5FD1} = {8CFD9ADA-94E5-43C3-8705-ACDBEAF30D2C}
		{7215940C-037F-4269-A717-5F3FD1903A47} = {76F6270C-35A5-4FBE-A939-7C42F6970142}
		{0A148FDA-B027-464F-A4F7-AB078414552A} = {CD1DC66E-AD31-4E57-982F-379C71829143}
		{857489AC-9066-4E11-B232-8EB0B374EEDB} = {AF430624-5425-4FE9-ADC5-E8CC4D8BBC14}
		{963FB91B-CBE9-4E71-9E4C-83BFE7E957DA} = {36AD8AEC-4CA8-439D-964E-605402575DF5}
		{1184AADB-80E3-4E50-9157-AE728E0E9F2E} = {077A75C6-D6D3-4DB3-BAC9-EF4684416B84}
		{F030FD95-CB35-4C67-8248-C382E08EB7D5} = {CDB955B0-9F8C-4189-9F91-2B06BB7D5901}
		{640E3B7E-66E3-43AA-A938-76EA0729A248} = {1864A0E4-FEFA-4415-A1D0-FB8B49B7D5EA}
		{5DBD96F3-EA28-42C7-8686-527047D28614} = {1864A0E4-FEFA-4415-A1D0-FB8B49B7D5EA}
		{9B3AAD08-2C81-43BD-B8F2-F9075D91BCD8} = {1864A0E4-FEFA-4415-A1D0-FB8B49B7D5EA}
		{037AB14D-A5B5-4350-815F-A115CC0ED7CA} = {245BEC75-B5C7-47A1-81A2-561ED3D62B13}
	EndGlobalSection
	GlobalSection(ExtensibilityGlobals) = postSolution
		SolutionGuid = {899119BA-7947-417C-81C2-54B5144BE43F}
	EndGlobalSection
EndGlobal
